
Microsoft Visual Studio Solution File, Format Version 12.00
# Visual Studio Version 17
VisualStudioVersion = 17.4.33103.184
MinimumVisualStudioVersion = 10.0.40219.1
Project("{9A19103F-16F7-4668-BE54-9A1E7A4F7556}") = "Etrade.UI", "Etrade.UI\Etrade.UI.csproj", "{318FE555-EDBF-4DA4-8706-C1D8D6A039AB}"
EndProject
Project("{9A19103F-16F7-4668-BE54-9A1E7A4F7556}") = "Etrade.Entities", "Etrade.Entities\Etrade.Entities.csproj", "{0F6474E1-627C-40F2-A45E-8DA0B57D963E}"
EndProject
Project("{9A19103F-16F7-4668-BE54-9A1E7A4F7556}") = "Etrade.Business", "Etrade.Business\Etrade.Business.csproj", "{90FE7E46-C4EC-47B3-BA5F-D4DC9DE63ABD}"
EndProject
Project("{9A19103F-16F7-4668-BE54-9A1E7A4F7556}") = "Etrade.DAL", "Etrade.DAL\Etrade.DAL.csproj", "{2700FD9F-5F57-4E8B-BB01-3FAD4D679EB2}"
EndProject
Project("{FAE04EC0-301F-11D3-BF4B-00C04F79EFBC}") = "Etrade.WebApi", "Etrade.WebApi\Etrade.WebApi.csproj", "{FD185F0F-82ED-466E-9715-52704061B7C8}"
EndProject
Global
	GlobalSection(SolutionConfigurationPlatforms) = preSolution
		Debug|Any CPU = Debug|Any CPU
		Release|Any CPU = Release|Any CPU
	EndGlobalSection
	GlobalSection(ProjectConfigurationPlatforms) = postSolution
		{318FE555-EDBF-4DA4-8706-C1D8D6A039AB}.Debug|Any CPU.ActiveCfg = Debug|Any CPU
		{318FE555-EDBF-4DA4-8706-C1D8D6A039AB}.Debug|Any CPU.Build.0 = Debug|Any CPU
		{318FE555-EDBF-4DA4-8706-C1D8D6A039AB}.Release|Any CPU.ActiveCfg = Release|Any CPU
		{318FE555-EDBF-4DA4-8706-C1D8D6A039AB}.Release|Any CPU.Build.0 = Release|Any CPU
		{0F6474E1-627C-40F2-A45E-8DA0B57D963E}.Debug|Any CPU.ActiveCfg = Debug|Any CPU
		{0F6474E1-627C-40F2-A45E-8DA0B57D963E}.Debug|Any CPU.Build.0 = Debug|Any CPU
		{0F6474E1-627C-40F2-A45E-8DA0B57D963E}.Release|Any CPU.ActiveCfg = Release|Any CPU
		{0F6474E1-627C-40F2-A45E-8DA0B57D963E}.Release|Any CPU.Build.0 = Release|Any CPU
		{90FE7E46-C4EC-47B3-BA5F-D4DC9DE63ABD}.Debug|Any CPU.ActiveCfg = Debug|Any CPU
		{90FE7E46-C4EC-47B3-BA5F-D4DC9DE63ABD}.Debug|Any CPU.Build.0 = Debug|Any CPU
		{90FE7E46-C4EC-47B3-BA5F-D4DC9DE63ABD}.Release|Any CPU.ActiveCfg = Release|Any CPU
		{90FE7E46-C4EC-47B3-BA5F-D4DC9DE63ABD}.Release|Any CPU.Build.0 = Release|Any CPU
		{2700FD9F-5F57-4E8B-BB01-3FAD4D679EB2}.Debug|Any CPU.ActiveCfg = Debug|Any CPU
		{2700FD9F-5F57-4E8B-BB01-3FAD4D679EB2}.Debug|Any CPU.Build.0 = Debug|Any CPU
		{2700FD9F-5F57-4E8B-BB01-3FAD4D679EB2}.Release|Any CPU.ActiveCfg = Release|Any CPU
		{2700FD9F-5F57-4E8B-BB01-3FAD4D679EB2}.Release|Any CPU.Build.0 = Release|Any CPU
		{FD185F0F-82ED-466E-9715-52704061B7C8}.Debug|Any CPU.ActiveCfg = Debug|Any CPU
		{FD185F0F-82ED-466E-9715-52704061B7C8}.Debug|Any CPU.Build.0 = Debug|Any CPU
		{FD185F0F-82ED-466E-9715-52704061B7C8}.Release|Any CPU.ActiveCfg = Release|Any CPU
		{FD185F0F-82ED-466E-9715-52704061B7C8}.Release|Any CPU.Build.0 = Release|Any CPU
	EndGlobalSection
	GlobalSection(SolutionProperties) = preSolution
		HideSolutionNode = FALSE
	EndGlobalSection
	GlobalSection(ExtensibilityGlobals) = postSolution
		SolutionGuid = {D3D3846E-B126-4A89-898D-72BFE2A135E3}
	EndGlobalSection
EndGlobal
